#MicroXplorer Configuration settings - do not modify
ADC1.Channel-4\#ChannelRegularConversion=ADC_CHANNEL_10
ADC1.IPParameters=Rank-4\#ChannelRegularConversion,Channel-4\#ChannelRegularConversion,SamplingTime-4\#ChannelRegularConversion,NbrOfConversionFlag,master
ADC1.NbrOfConversionFlag=1
ADC1.Rank-4\#ChannelRegularConversion=1
ADC1.SamplingTime-4\#ChannelRegularConversion=ADC_SAMPLETIME_1CYCLE_5
ADC1.master=1
File.Version=6
GPIO.groupedBy=Group By Peripherals
KeepUserPlacement=false
Mcu.Family=STM32F1
Mcu.IP0=ADC1
Mcu.IP1=NVIC
Mcu.IP2=RCC
Mcu.IP3=SYS
Mcu.IP4=TIM1
Mcu.IP5=USART2
Mcu.IPNb=6
Mcu.Name=STM32F103R(C-D-E)Tx
Mcu.Package=LQFP64
Mcu.Pin0=PC15-OSC32_OUT
Mcu.Pin1=PD0-OSC_IN
Mcu.Pin10=PB1
Mcu.Pin11=PB10
Mcu.Pin12=PB11
Mcu.Pin13=PB12
Mcu.Pin14=PB13
Mcu.Pin15=PB14
Mcu.Pin16=PB15
Mcu.Pin17=PC6
Mcu.Pin18=PC7
Mcu.Pin19=PC8
Mcu.Pin2=PC0
Mcu.Pin20=PC9
Mcu.Pin21=PA10
Mcu.Pin22=PA13
Mcu.Pin23=PA14
Mcu.Pin24=PA15
Mcu.Pin25=PC10
Mcu.Pin26=PC11
Mcu.Pin27=PB3
Mcu.Pin28=PB4
Mcu.Pin29=PB5
Mcu.Pin3=PC3
Mcu.Pin30=PB6
Mcu.Pin31=PB7
Mcu.Pin32=PB8
Mcu.Pin33=PB9
Mcu.Pin34=VP_SYS_VS_Systick
Mcu.Pin35=VP_TIM1_VS_ClockSourceINT
Mcu.Pin4=PA0-WKUP
Mcu.Pin5=PA2
Mcu.Pin6=PA3
Mcu.Pin7=PC4
Mcu.Pin8=PC5
Mcu.Pin9=PB0
Mcu.PinsNb=36
Mcu.ThirdPartyNb=0
Mcu.UserConstants=
Mcu.UserName=STM32F103RCTx
MxCube.Version=6.0.1
MxDb.Version=DB.6.0.0
NVIC.ADC1_2_IRQn=true\:0\:0\:false\:false\:true\:true\:true
NVIC.BusFault_IRQn=true\:0\:0\:false\:false\:true\:false\:false
NVIC.DebugMonitor_IRQn=true\:0\:0\:false\:false\:true\:false\:false
NVIC.EXTI0_IRQn=true\:0\:0\:false\:false\:true\:true\:true
NVIC.EXTI15_10_IRQn=true\:0\:0\:false\:false\:true\:true\:true
NVIC.ForceEnableDMAVector=true
NVIC.HardFault_IRQn=true\:0\:0\:false\:false\:true\:false\:false
NVIC.MemoryManagement_IRQn=true\:0\:0\:false\:false\:true\:false\:false
NVIC.NonMaskableInt_IRQn=true\:0\:0\:false\:false\:true\:false\:false
NVIC.PendSV_IRQn=true\:0\:0\:false\:false\:true\:false\:false
NVIC.PriorityGroup=NVIC_PRIORITYGROUP_4
NVIC.SVCall_IRQn=true\:0\:0\:false\:false\:true\:false\:false
NVIC.SysTick_IRQn=true\:0\:0\:false\:false\:true\:false\:true
NVIC.TIM1_UP_IRQn=true\:0\:0\:false\:false\:true\:true\:true
NVIC.UsageFault_IRQn=true\:0\:0\:false\:false\:true\:false\:false
PA0-WKUP.GPIOParameters=GPIO_Label,GPIO_ModeDefaultEXTI
PA0-WKUP.GPIO_Label=CHG_BTN
PA0-WKUP.GPIO_ModeDefaultEXTI=GPIO_MODE_IT_FALLING
PA0-WKUP.Locked=true
PA0-WKUP.Signal=GPXTI0
PA10.GPIOParameters=GPIO_Label,GPIO_ModeDefaultEXTI
PA10.GPIO_Label=DISCHG_BTN
PA10.GPIO_ModeDefaultEXTI=GPIO_MODE_IT_FALLING
PA10.Locked=true
PA10.Signal=GPXTI10
PA13.Mode=JTAG_5_pins
PA13.Signal=SYS_JTMS-SWDIO
PA14.Mode=JTAG_5_pins
PA14.Signal=SYS_JTCK-SWCLK
PA15.Mode=JTAG_5_pins
PA15.Signal=SYS_JTDI
PA2.Mode=Asynchronous
PA2.Signal=USART2_TX
PA3.Mode=Asynchronous
PA3.Signal=USART2_RX
PB0.GPIOParameters=PinState,GPIO_Label,GPIO_ModeDefaultOutputPP
PB0.GPIO_Label=LED_RED
PB0.GPIO_ModeDefaultOutputPP=GPIO_MODE_OUTPUT_OD
PB0.Locked=true
PB0.PinState=GPIO_PIN_SET
PB0.Signal=GPIO_Output
PB1.GPIOParameters=PinState,GPIO_Label,GPIO_ModeDefaultOutputPP
PB1.GPIO_Label=LED_GREEN
PB1.GPIO_ModeDefaultOutputPP=GPIO_MODE_OUTPUT_OD
PB1.Locked=true
PB1.PinState=GPIO_PIN_SET
PB1.Signal=GPIO_Output
PB10.GPIOParameters=PinState,GPIO_Label,GPIO_ModeDefaultOutputPP
PB10.GPIO_Label=CHG_A2
PB10.GPIO_ModeDefaultOutputPP=GPIO_MODE_OUTPUT_PP
PB10.Locked=true
PB10.PinState=GPIO_PIN_SET
PB10.Signal=GPIO_Output
PB11.GPIOParameters=PinState,GPIO_Label,GPIO_ModeDefaultOutputPP
PB11.GPIO_Label=CHG_A3
PB11.GPIO_ModeDefaultOutputPP=GPIO_MODE_OUTPUT_PP
PB11.Locked=true
PB11.PinState=GPIO_PIN_SET
PB11.Signal=GPIO_Output
PB12.GPIOParameters=PinState,GPIO_Label,GPIO_ModeDefaultOutputPP
PB12.GPIO_Label=CHG_B0
PB12.GPIO_ModeDefaultOutputPP=GPIO_MODE_OUTPUT_PP
PB12.Locked=true
PB12.PinState=GPIO_PIN_SET
PB12.Signal=GPIO_Output
PB13.GPIOParameters=PinState,GPIO_Label,GPIO_ModeDefaultOutputPP
PB13.GPIO_Label=CHG_B1
PB13.GPIO_ModeDefaultOutputPP=GPIO_MODE_OUTPUT_PP
PB13.Locked=true
PB13.PinState=GPIO_PIN_SET
PB13.Signal=GPIO_Output
PB14.GPIOParameters=PinState,GPIO_Label,GPIO_ModeDefaultOutputPP
PB14.GPIO_Label=CHG_B2
PB14.GPIO_ModeDefaultOutputPP=GPIO_MODE_OUTPUT_PP
PB14.Locked=true
PB14.PinState=GPIO_PIN_SET
PB14.Signal=GPIO_Output
PB15.GPIOParameters=PinState,GPIO_Label,GPIO_ModeDefaultOutputPP
PB15.GPIO_Label=CHG_B3
PB15.GPIO_ModeDefaultOutputPP=GPIO_MODE_OUTPUT_PP
PB15.Locked=true
PB15.PinState=GPIO_PIN_SET
PB15.Signal=GPIO_Output
PB3.Mode=JTAG_5_pins
PB3.Signal=SYS_JTDO-TRACESWO
PB4.Mode=JTAG_5_pins
PB4.Signal=SYS_NJTRST
PB5.GPIOParameters=GPIO_Label
PB5.GPIO_Label=MUX_0
PB5.Locked=true
PB5.Signal=GPIO_Output
PB6.GPIOParameters=GPIO_Label
PB6.GPIO_Label=MUX_1
PB6.Locked=true
PB6.Signal=GPIO_Output
PB7.GPIOParameters=GPIO_Label
PB7.GPIO_Label=MUX_2
PB7.Locked=true
PB7.Signal=GPIO_Output
PB8.GPIOParameters=PinState,GPIO_Label,GPIO_ModeDefaultOutputPP
PB8.GPIO_Label=CHG_A0
PB8.GPIO_ModeDefaultOutputPP=GPIO_MODE_OUTPUT_PP
PB8.Locked=true
PB8.PinState=GPIO_PIN_SET
PB8.Signal=GPIO_Output
PB9.GPIOParameters=PinState,GPIO_Label,GPIO_ModeDefaultOutputPP
PB9.GPIO_Label=CHG_A1
PB9.GPIO_ModeDefaultOutputPP=GPIO_MODE_OUTPUT_PP
PB9.Locked=true
PB9.PinState=GPIO_PIN_SET
PB9.Signal=GPIO_Output
PC0.Signal=ADCx_IN10
PC10.GPIOParameters=GPIO_Label,GPIO_ModeDefaultOutputPP
PC10.GPIO_Label=DCHG_B1
PC10.GPIO_ModeDefaultOutputPP=GPIO_MODE_OUTPUT_PP
PC10.Locked=true
PC10.Signal=GPIO_Output
PC11.GPIOParameters=GPIO_Label,GPIO_ModeDefaultOutputPP
PC11.GPIO_Label=DCHG_B3
PC11.GPIO_ModeDefaultOutputPP=GPIO_MODE_OUTPUT_PP
PC11.Locked=true
PC11.Signal=GPIO_Output
PC15-OSC32_OUT.GPIOParameters=GPIO_Label
PC15-OSC32_OUT.GPIO_Label=TEST_PT_PC15
PC15-OSC32_OUT.Locked=true
PC15-OSC32_OUT.Signal=GPIO_Output
PC3.GPIOParameters=PinState,GPIO_Label,GPIO_ModeDefaultOutputPP
PC3.GPIO_Label=EN_2V8
PC3.GPIO_ModeDefaultOutputPP=GPIO_MODE_OUTPUT_OD
PC3.Locked=true
PC3.PinState=GPIO_PIN_SET
PC3.Signal=GPIO_Output
PC4.GPIOParameters=PinState,GPIO_Label,GPIO_ModeDefaultOutputPP
PC4.GPIO_Label=DCHG_A0
PC4.GPIO_ModeDefaultOutputPP=GPIO_MODE_OUTPUT_PP
PC4.Locked=true
PC4.PinState=GPIO_PIN_RESET
PC4.Signal=GPIO_Output
PC5.GPIOParameters=PinState,GPIO_Label,GPIO_ModeDefaultOutputPP
PC5.GPIO_Label=DCHG_A2
PC5.GPIO_ModeDefaultOutputPP=GPIO_MODE_OUTPUT_PP
PC5.Locked=true
PC5.PinState=GPIO_PIN_RESET
PC5.Signal=GPIO_Output
PC6.GPIOParameters=PinState,GPIO_Label,GPIO_ModeDefaultOutputPP
PC6.GPIO_Label=DCHG_A1
PC6.GPIO_ModeDefaultOutputPP=GPIO_MODE_OUTPUT_PP
PC6.Locked=true
PC6.PinState=GPIO_PIN_RESET
PC6.Signal=GPIO_Output
PC7.GPIOParameters=PinState,GPIO_Label,GPIO_ModeDefaultOutputPP
PC7.GPIO_Label=DCHG_A3
PC7.GPIO_ModeDefaultOutputPP=GPIO_MODE_OUTPUT_PP
PC7.Locked=true
PC7.PinState=GPIO_PIN_RESET
PC7.Signal=GPIO_Output
PC8.GPIOParameters=PinState,GPIO_Label,GPIO_ModeDefaultOutputPP
PC8.GPIO_Label=DCHG_B0
PC8.GPIO_ModeDefaultOutputPP=GPIO_MODE_OUTPUT_PP
PC8.Locked=true
PC8.PinState=GPIO_PIN_RESET
PC8.Signal=GPIO_Output
PC9.GPIOParameters=PinState,GPIO_Label,GPIO_ModeDefaultOutputPP
PC9.GPIO_Label=DCHG_B2
PC9.GPIO_ModeDefaultOutputPP=GPIO_MODE_OUTPUT_PP
PC9.Locked=true
PC9.PinState=GPIO_PIN_RESET
PC9.Signal=GPIO_Output
PD0-OSC_IN.GPIOParameters=PinState,GPIO_Label,GPIO_ModeDefaultOutputPP
PD0-OSC_IN.GPIO_Label=MUX_EN
PD0-OSC_IN.GPIO_ModeDefaultOutputPP=GPIO_MODE_OUTPUT_OD
PD0-OSC_IN.Locked=true
PD0-OSC_IN.PinState=GPIO_PIN_SET
PD0-OSC_IN.Signal=GPIO_Output
PinOutPanel.RotationAngle=0
ProjectManager.AskForMigrate=true
ProjectManager.BackupPrevious=false
ProjectManager.CompilerOptimize=6
ProjectManager.ComputerToolchain=false
ProjectManager.CoupleFile=true
ProjectManager.CustomerFirmwarePackage=
ProjectManager.DefaultFWLocation=true
ProjectManager.DeletePrevious=true
ProjectManager.DeviceId=STM32F103RCTx
ProjectManager.FirmwarePackage=STM32Cube FW_F1 V1.8.1
ProjectManager.FreePins=false
ProjectManager.HalAssertFull=false
ProjectManager.HeapSize=0x200
ProjectManager.KeepUserCode=true
ProjectManager.LastFirmware=true
ProjectManager.LibraryCopy=0
ProjectManager.MainLocation=Core/Src
ProjectManager.NoMain=false
ProjectManager.PreviousToolchain=
ProjectManager.ProjectBuild=false
ProjectManager.ProjectFileName=charger.ioc
ProjectManager.ProjectName=charger
ProjectManager.RegisterCallBack=
ProjectManager.StackSize=0x400
ProjectManager.TargetToolchain=Makefile
ProjectManager.ToolChainLocation=
ProjectManager.UnderRoot=false
ProjectManager.functionlistsort=1-MX_GPIO_Init-GPIO-false-HAL-true,2-SystemClock_Config-RCC-false-HAL-false,3-MX_ADC1_Init-ADC1-false-HAL-true,4-MX_TIM1_Init-TIM1-false-HAL-true,5-MX_USART2_UART_Init-USART2-false-HAL-true
RCC.APB1Freq_Value=8000000
RCC.APB2Freq_Value=8000000
RCC.FamilyName=M
RCC.IPParameters=APB1Freq_Value,APB2Freq_Value,FamilyName,PLLCLKFreq_Value,PLLMCOFreq_Value,TimSysFreq_Value,VDD_VALUE
RCC.PLLCLKFreq_Value=8000000
RCC.PLLMCOFreq_Value=4000000
RCC.TimSysFreq_Value=8000000
RCC.VDD_VALUE=3
SH.ADCx_IN10.0=ADC1_IN10,IN10
SH.ADCx_IN10.ConfNb=1
SH.GPXTI0.0=GPIO_EXTI0
SH.GPXTI0.ConfNb=1
SH.GPXTI10.0=GPIO_EXTI10
SH.GPXTI10.ConfNb=1
USART2.IPParameters=VirtualMode
USART2.VirtualMode=VM_ASYNC
VP_SYS_VS_Systick.Mode=SysTick
VP_SYS_VS_Systick.Signal=SYS_VS_Systick
VP_TIM1_VS_ClockSourceINT.Mode=Internal
VP_TIM1_VS_ClockSourceINT.Signal=TIM1_VS_ClockSourceINT
board=custom
